// !$*UTF8*$!
{
	archiveVersion = 1;
	classes = {
	};
	objectVersion = 56;
	objects = {

/* Begin PBXBuildFile section */
		8140D0442A26B728008268FB /* EggTimerApp.swift in Sources */ = {isa = PBXBuildFile; fileRef = 8140D0432A26B728008268FB /* EggTimerApp.swift */; };
		8140D0462A26B728008268FB /* ContentView.swift in Sources */ = {isa = PBXBuildFile; fileRef = 8140D0452A26B728008268FB /* ContentView.swift */; };
		8140D0482A26B729008268FB /* Assets.xcassets in Resources */ = {isa = PBXBuildFile; fileRef = 8140D0472A26B729008268FB /* Assets.xcassets */; };
		8140D04B2A26B729008268FB /* Preview Assets.xcassets in Resources */ = {isa = PBXBuildFile; fileRef = 8140D04A2A26B729008268FB /* Preview Assets.xcassets */; };
		8140D0542A2BB2CE008268FB /* Trumpet.mp3 in Resources */ = {isa = PBXBuildFile; fileRef = 8140D0532A2BB2CE008268FB /* Trumpet.mp3 */; };
		8140D0562A2BB2E9008268FB /* AudioManager.swift in Sources */ = {isa = PBXBuildFile; fileRef = 8140D0552A2BB2E9008268FB /* AudioManager.swift */; };
		81554DCB2A746C7100D75B23 /* ReggaeOne-Regular.ttf in Resources */ = {isa = PBXBuildFile; fileRef = 81554DCA2A746C7100D75B23 /* ReggaeOne-Regular.ttf */; };
		81554DD22A746E1D00D75B23 /* SplashView.swift in Sources */ = {isa = PBXBuildFile; fileRef = 81554DD12A746E1D00D75B23 /* SplashView.swift */; };
		81554DD52A748DEA00D75B23 /* EggView.swift in Sources */ = {isa = PBXBuildFile; fileRef = 81554DD42A748DEA00D75B23 /* EggView.swift */; };
		81554DD72A748F6A00D75B23 /* CustomFont-Modifier.swift in Sources */ = {isa = PBXBuildFile; fileRef = 81554DD62A748F6A00D75B23 /* CustomFont-Modifier.swift */; };
		81FE64FA2A2E4F8A00FF54F6 /* EggCookingView.swift in Sources */ = {isa = PBXBuildFile; fileRef = 81FE64F92A2E4F8A00FF54F6 /* EggCookingView.swift */; };
		DF9F6FE02AE9A4F100E5B60D /* TimeManager.swift in Sources */ = {isa = PBXBuildFile; fileRef = DF9F6FDF2AE9A4F100E5B60D /* TimeManager.swift */; };
		DF9F6FE22AE9AB7D00E5B60D /* SettingsView.swift in Sources */ = {isa = PBXBuildFile; fileRef = DF9F6FE12AE9AB7D00E5B60D /* SettingsView.swift */; };
		DF9F6FE42AE9ABF600E5B60D /* Backgrounds.swift in Sources */ = {isa = PBXBuildFile; fileRef = DF9F6FE32AE9ABF600E5B60D /* Backgrounds.swift */; };
		DF9F6FF12AE9BE3200E5B60D /* Jingle.mp3 in Resources */ = {isa = PBXBuildFile; fileRef = DF9F6FEF2AE9BE3200E5B60D /* Jingle.mp3 */; };
		DF9F6FF22AE9BE3200E5B60D /* Corporate.mp3 in Resources */ = {isa = PBXBuildFile; fileRef = DF9F6FF02AE9BE3200E5B60D /* Corporate.mp3 */; };
/* End PBXBuildFile section */

/* Begin PBXFileReference section */
		8140D0402A26B728008268FB /* EggTimer.app */ = {isa = PBXFileReference; explicitFileType = wrapper.application; includeInIndex = 0; path = EggTimer.app; sourceTree = BUILT_PRODUCTS_DIR; };
		8140D0432A26B728008268FB /* EggTimerApp.swift */ = {isa = PBXFileReference; lastKnownFileType = sourcecode.swift; path = EggTimerApp.swift; sourceTree = "<group>"; };
		8140D0452A26B728008268FB /* ContentView.swift */ = {isa = PBXFileReference; lastKnownFileType = sourcecode.swift; path = ContentView.swift; sourceTree = "<group>"; };
		8140D0472A26B729008268FB /* Assets.xcassets */ = {isa = PBXFileReference; lastKnownFileType = folder.assetcatalog; path = Assets.xcassets; sourceTree = "<group>"; };
		8140D04A2A26B729008268FB /* Preview Assets.xcassets */ = {isa = PBXFileReference; lastKnownFileType = folder.assetcatalog; path = "Preview Assets.xcassets"; sourceTree = "<group>"; };
		8140D0532A2BB2CE008268FB /* Trumpet.mp3 */ = {isa = PBXFileReference; lastKnownFileType = audio.mp3; path = Trumpet.mp3; sourceTree = "<group>"; };
		8140D0552A2BB2E9008268FB /* AudioManager.swift */ = {isa = PBXFileReference; lastKnownFileType = sourcecode.swift; path = AudioManager.swift; sourceTree = "<group>"; };
		81554DCA2A746C7100D75B23 /* ReggaeOne-Regular.ttf */ = {isa = PBXFileReference; lastKnownFileType = file; path = "ReggaeOne-Regular.ttf"; sourceTree = "<group>"; };
		81554DD02A746CF600D75B23 /* Info.plist */ = {isa = PBXFileReference; lastKnownFileType = text.plist; path = Info.plist; sourceTree = "<group>"; };
		81554DD12A746E1D00D75B23 /* SplashView.swift */ = {isa = PBXFileReference; lastKnownFileType = sourcecode.swift; path = SplashView.swift; sourceTree = "<group>"; };
		81554DD42A748DEA00D75B23 /* EggView.swift */ = {isa = PBXFileReference; lastKnownFileType = sourcecode.swift; path = EggView.swift; sourceTree = "<group>"; };
		81554DD62A748F6A00D75B23 /* CustomFont-Modifier.swift */ = {isa = PBXFileReference; lastKnownFileType = sourcecode.swift; path = "CustomFont-Modifier.swift"; sourceTree = "<group>"; };
		81FE64F92A2E4F8A00FF54F6 /* EggCookingView.swift */ = {isa = PBXFileReference; lastKnownFileType = sourcecode.swift; path = EggCookingView.swift; sourceTree = "<group>"; };
		DF9F6FDF2AE9A4F100E5B60D /* TimeManager.swift */ = {isa = PBXFileReference; lastKnownFileType = sourcecode.swift; path = TimeManager.swift; sourceTree = "<group>"; };
		DF9F6FE12AE9AB7D00E5B60D /* SettingsView.swift */ = {isa = PBXFileReference; lastKnownFileType = sourcecode.swift; path = SettingsView.swift; sourceTree = "<group>"; };
		DF9F6FE32AE9ABF600E5B60D /* Backgrounds.swift */ = {isa = PBXFileReference; lastKnownFileType = sourcecode.swift; path = Backgrounds.swift; sourceTree = "<group>"; };
		DF9F6FEF2AE9BE3200E5B60D /* Jingle.mp3 */ = {isa = PBXFileReference; lastKnownFileType = audio.mp3; path = Jingle.mp3; sourceTree = "<group>"; };
		DF9F6FF02AE9BE3200E5B60D /* Corporate.mp3 */ = {isa = PBXFileReference; lastKnownFileType = audio.mp3; path = Corporate.mp3; sourceTree = "<group>"; };
/* End PBXFileReference section */

/* Begin PBXFrameworksBuildPhase section */
		8140D03D2A26B728008268FB /* Frameworks */ = {
			isa = PBXFrameworksBuildPhase;
			buildActionMask = 2147483647;
			files = (
			);
			runOnlyForDeploymentPostprocessing = 0;
		};
/* End PBXFrameworksBuildPhase section */

/* Begin PBXGroup section */
		8140D0372A26B728008268FB = {
			isa = PBXGroup;
			children = (
				8140D0422A26B728008268FB /* EggTimer */,
				8140D0412A26B728008268FB /* Products */,
			);
			sourceTree = "<group>";
		};
		8140D0412A26B728008268FB /* Products */ = {
			isa = PBXGroup;
			children = (
				8140D0402A26B728008268FB /* EggTimer.app */,
			);
			name = Products;
			sourceTree = "<group>";
		};
		8140D0422A26B728008268FB /* EggTimer */ = {
			isa = PBXGroup;
			children = (
				81554DD02A746CF600D75B23 /* Info.plist */,
				8140D0432A26B728008268FB /* EggTimerApp.swift */,
				81554DCD2A746C9700D75B23 /* Views */,
				81554DCE2A746CA000D75B23 /* Components */,
				81554DCF2A746CA800D75B23 /* Controllers */,
				81554DCC2A746C7600D75B23 /* Fonts and Audio */,
				8140D0472A26B729008268FB /* Assets.xcassets */,
				8140D0492A26B729008268FB /* Preview Content */,
			);
			path = EggTimer;
			sourceTree = "<group>";
		};
		8140D0492A26B729008268FB /* Preview Content */ = {
			isa = PBXGroup;
			children = (
				8140D04A2A26B729008268FB /* Preview Assets.xcassets */,
			);
			path = "Preview Content";
			sourceTree = "<group>";
		};
		81554DCC2A746C7600D75B23 /* Fonts and Audio */ = {
			isa = PBXGroup;
			children = (
				8140D0532A2BB2CE008268FB /* Trumpet.mp3 */,
				DF9F6FF02AE9BE3200E5B60D /* Corporate.mp3 */,
				DF9F6FEF2AE9BE3200E5B60D /* Jingle.mp3 */,
				81554DCA2A746C7100D75B23 /* ReggaeOne-Regular.ttf */,
			);
			path = "Fonts and Audio";
			sourceTree = "<group>";
		};
		81554DCD2A746C9700D75B23 /* Views */ = {
			isa = PBXGroup;
			children = (
				8140D0452A26B728008268FB /* ContentView.swift */,
				DF9F6FE12AE9AB7D00E5B60D /* SettingsView.swift */,
				81554DD12A746E1D00D75B23 /* SplashView.swift */,
				81FE64F92A2E4F8A00FF54F6 /* EggCookingView.swift */,
			);
			path = Views;
			sourceTree = "<group>";
		};
		81554DCE2A746CA000D75B23 /* Components */ = {
			isa = PBXGroup;
			children = (
				81554DD42A748DEA00D75B23 /* EggView.swift */,
				DF9F6FE32AE9ABF600E5B60D /* Backgrounds.swift */,
				81554DD62A748F6A00D75B23 /* CustomFont-Modifier.swift */,
			);
			path = Components;
			sourceTree = "<group>";
		};
		81554DCF2A746CA800D75B23 /* Controllers */ = {
			isa = PBXGroup;
			children = (
				DF9F6FDF2AE9A4F100E5B60D /* TimeManager.swift */,
				8140D0552A2BB2E9008268FB /* AudioManager.swift */,
			);
			path = Controllers;
			sourceTree = "<group>";
		};
/* End PBXGroup section */

/* Begin PBXNativeTarget section */
		8140D03F2A26B728008268FB /* EggTimer */ = {
			isa = PBXNativeTarget;
			buildConfigurationList = 8140D04E2A26B729008268FB /* Build configuration list for PBXNativeTarget "EggTimer" */;
			buildPhases = (
				8140D03C2A26B728008268FB /* Sources */,
				8140D03D2A26B728008268FB /* Frameworks */,
				8140D03E2A26B728008268FB /* Resources */,
			);
			buildRules = (
			);
			dependencies = (
			);
			name = EggTimer;
			productName = EggTimer;
			productReference = 8140D0402A26B728008268FB /* EggTimer.app */;
			productType = "com.apple.product-type.application";
		};
/* End PBXNativeTarget section */

/* Begin PBXProject section */
		8140D0382A26B728008268FB /* Project object */ = {
			isa = PBXProject;
			attributes = {
				BuildIndependentTargetsInParallel = 1;
				LastSwiftUpdateCheck = 1430;
				LastUpgradeCheck = 1500;
				TargetAttributes = {
					8140D03F2A26B728008268FB = {
						CreatedOnToolsVersion = 14.3;
					};
				};
			};
			buildConfigurationList = 8140D03B2A26B728008268FB /* Build configuration list for PBXProject "EggTimer" */;
			compatibilityVersion = "Xcode 14.0";
			developmentRegion = en;
			hasScannedForEncodings = 0;
			knownRegions = (
				en,
				Base,
			);
			mainGroup = 8140D0372A26B728008268FB;
			productRefGroup = 8140D0412A26B728008268FB /* Products */;
			projectDirPath = "";
			projectRoot = "";
			targets = (
				8140D03F2A26B728008268FB /* EggTimer */,
			);
		};
/* End PBXProject section */

/* Begin PBXResourcesBuildPhase section */
		8140D03E2A26B728008268FB /* Resources */ = {
			isa = PBXResourcesBuildPhase;
			buildActionMask = 2147483647;
			files = (
				DF9F6FF22AE9BE3200E5B60D /* Corporate.mp3 in Resources */,
				8140D04B2A26B729008268FB /* Preview Assets.xcassets in Resources */,
				81554DCB2A746C7100D75B23 /* ReggaeOne-Regular.ttf in Resources */,
				8140D0542A2BB2CE008268FB /* Trumpet.mp3 in Resources */,
				8140D0482A26B729008268FB /* Assets.xcassets in Resources */,
				DF9F6FF12AE9BE3200E5B60D /* Jingle.mp3 in Resources */,
			);
			runOnlyForDeploymentPostprocessing = 0;
		};
/* End PBXResourcesBuildPhase section */

/* Begin PBXSourcesBuildPhase section */
		8140D03C2A26B728008268FB /* Sources */ = {
			isa = PBXSourcesBuildPhase;
			buildActionMask = 2147483647;
			files = (
				8140D0462A26B728008268FB /* ContentView.swift in Sources */,
				8140D0442A26B728008268FB /* EggTimerApp.swift in Sources */,
				8140D0562A2BB2E9008268FB /* AudioManager.swift in Sources */,
				DF9F6FE22AE9AB7D00E5B60D /* SettingsView.swift in Sources */,
				81554DD52A748DEA00D75B23 /* EggView.swift in Sources */,
				81FE64FA2A2E4F8A00FF54F6 /* EggCookingView.swift in Sources */,
				81554DD22A746E1D00D75B23 /* SplashView.swift in Sources */,
				DF9F6FE02AE9A4F100E5B60D /* TimeManager.swift in Sources */,
				81554DD72A748F6A00D75B23 /* CustomFont-Modifier.swift in Sources */,
				DF9F6FE42AE9ABF600E5B60D /* Backgrounds.swift in Sources */,
			);
			runOnlyForDeploymentPostprocessing = 0;
		};
/* End PBXSourcesBuildPhase section */

/* Begin XCBuildConfiguration section */
		8140D04C2A26B729008268FB /* Debug */ = {
			isa = XCBuildConfiguration;
			buildSettings = {
				ALWAYS_SEARCH_USER_PATHS = NO;
				CLANG_ANALYZER_NONNULL = YES;
				CLANG_ANALYZER_NUMBER_OBJECT_CONVERSION = YES_AGGRESSIVE;
				CLANG_CXX_LANGUAGE_STANDARD = "gnu++20";
				CLANG_ENABLE_MODULES = YES;
				CLANG_ENABLE_OBJC_ARC = YES;
				CLANG_ENABLE_OBJC_WEAK = YES;
				CLANG_WARN_BLOCK_CAPTURE_AUTORELEASING = YES;
				CLANG_WARN_BOOL_CONVERSION = YES;
				CLANG_WARN_COMMA = YES;
				CLANG_WARN_CONSTANT_CONVERSION = YES;
				CLANG_WARN_DEPRECATED_OBJC_IMPLEMENTATIONS = YES;
				CLANG_WARN_DIRECT_OBJC_ISA_USAGE = YES_ERROR;
				CLANG_WARN_DOCUMENTATION_COMMENTS = YES;
				CLANG_WARN_EMPTY_BODY = YES;
				CLANG_WARN_ENUM_CONVERSION = YES;
				CLANG_WARN_INFINITE_RECURSION = YES;
				CLANG_WARN_INT_CONVERSION = YES;
				CLANG_WARN_NON_LITERAL_NULL_CONVERSION = YES;
				CLANG_WARN_OBJC_IMPLICIT_RETAIN_SELF = YES;
				CLANG_WARN_OBJC_LITERAL_CONVERSION = YES;
				CLANG_WARN_OBJC_ROOT_CLASS = YES_ERROR;
				CLANG_WARN_QUOTED_INCLUDE_IN_FRAMEWORK_HEADER = YES;
				CLANG_WARN_RANGE_LOOP_ANALYSIS = YES;
				CLANG_WARN_STRICT_PROTOTYPES = YES;
				CLANG_WARN_SUSPICIOUS_MOVE = YES;
				CLANG_WARN_UNGUARDED_AVAILABILITY = YES_AGGRESSIVE;
				CLANG_WARN_UNREACHABLE_CODE = YES;
				CLANG_WARN__DUPLICATE_METHOD_MATCH = YES;
				COPY_PHASE_STRIP = NO;
				DEBUG_INFORMATION_FORMAT = dwarf;
				ENABLE_STRICT_OBJC_MSGSEND = YES;
				ENABLE_TESTABILITY = YES;
				ENABLE_USER_SCRIPT_SANDBOXING = YES;
				GCC_C_LANGUAGE_STANDARD = gnu11;
				GCC_DYNAMIC_NO_PIC = NO;
				GCC_NO_COMMON_BLOCKS = YES;
				GCC_OPTIMIZATION_LEVEL = 0;
				GCC_PREPROCESSOR_DEFINITIONS = (
					"DEBUG=1",
					"$(inherited)",
				);
				GCC_WARN_64_TO_32_BIT_CONVERSION = YES;
				GCC_WARN_ABOUT_RETURN_TYPE = YES_ERROR;
				GCC_WARN_UNDECLARED_SELECTOR = YES;
				GCC_WARN_UNINITIALIZED_AUTOS = YES_AGGRESSIVE;
				GCC_WARN_UNUSED_FUNCTION = YES;
				GCC_WARN_UNUSED_VARIABLE = YES;
				IPHONEOS_DEPLOYMENT_TARGET = 16.4;
				MTL_ENABLE_DEBUG_INFO = INCLUDE_SOURCE;
				MTL_FAST_MATH = YES;
				ONLY_ACTIVE_ARCH = YES;
				SDKROOT = iphoneos;
				SWIFT_ACTIVE_COMPILATION_CONDITIONS = DEBUG;
				SWIFT_OPTIMIZATION_LEVEL = "-Onone";
			};
			name = Debug;
		};
		8140D04D2A26B729008268FB /* Release */ = {
			isa = XCBuildConfiguration;
			buildSettings = {
				ALWAYS_SEARCH_USER_PATHS = NO;
				CLANG_ANALYZER_NONNULL = YES;
				CLANG_ANALYZER_NUMBER_OBJECT_CONVERSION = YES_AGGRESSIVE;
				CLANG_CXX_LANGUAGE_STANDARD = "gnu++20";
				CLANG_ENABLE_MODULES = YES;
				CLANG_ENABLE_OBJC_ARC = YES;
				CLANG_ENABLE_OBJC_WEAK = YES;
				CLANG_WARN_BLOCK_CAPTURE_AUTORELEASING = YES;
				CLANG_WARN_BOOL_CONVERSION = YES;
				CLANG_WARN_COMMA = YES;
				CLANG_WARN_CONSTANT_CONVERSION = YES;
				CLANG_WARN_DEPRECATED_OBJC_IMPLEMENTATIONS = YES;
				CLANG_WARN_DIRECT_OBJC_ISA_USAGE = YES_ERROR;
				CLANG_WARN_DOCUMENTATION_COMMENTS = YES;
				CLANG_WARN_EMPTY_BODY = YES;
				CLANG_WARN_ENUM_CONVERSION = YES;
				CLANG_WARN_INFINITE_RECURSION = YES;
				CLANG_WARN_INT_CONVERSION = YES;
				CLANG_WARN_NON_LITERAL_NULL_CONVERSION = YES;
				CLANG_WARN_OBJC_IMPLICIT_RETAIN_SELF = YES;
				CLANG_WARN_OBJC_LITERAL_CONVERSION = YES;
				CLANG_WARN_OBJC_ROOT_CLASS = YES_ERROR;
				CLANG_WARN_QUOTED_INCLUDE_IN_FRAMEWORK_HEADER = YES;
				CLANG_WARN_RANGE_LOOP_ANALYSIS = YES;
				CLANG_WARN_STRICT_PROTOTYPES = YES;
				CLANG_WARN_SUSPICIOUS_MOVE = YES;
				CLANG_WARN_UNGUARDED_AVAILABILITY = YES_AGGRESSIVE;
				CLANG_WARN_UNREACHABLE_CODE = YES;
				CLANG_WARN__DUPLICATE_METHOD_MATCH = YES;
				COPY_PHASE_STRIP = NO;
				DEBUG_INFORMATION_FORMAT = "dwarf-with-dsym";
				ENABLE_NS_ASSERTIONS = NO;
				ENABLE_STRICT_OBJC_MSGSEND = YES;
				ENABLE_USER_SCRIPT_SANDBOXING = YES;
				GCC_C_LANGUAGE_STANDARD = gnu11;
				GCC_NO_COMMON_BLOCKS = YES;
				GCC_WARN_64_TO_32_BIT_CONVERSION = YES;
				GCC_WARN_ABOUT_RETURN_TYPE = YES_ERROR;
				GCC_WARN_UNDECLARED_SELECTOR = YES;
				GCC_WARN_UNINITIALIZED_AUTOS = YES_AGGRESSIVE;
				GCC_WARN_UNUSED_FUNCTION = YES;
				GCC_WARN_UNUSED_VARIABLE = YES;
				IPHONEOS_DEPLOYMENT_TARGET = 16.4;
				MTL_ENABLE_DEBUG_INFO = NO;
				MTL_FAST_MATH = YES;
				SDKROOT = iphoneos;
				SWIFT_COMPILATION_MODE = wholemodule;
				SWIFT_OPTIMIZATION_LEVEL = "-O";
				VALIDATE_PRODUCT = YES;
			};
			name = Release;
		};
		8140D04F2A26B729008268FB /* Debug */ = {
			isa = XCBuildConfiguration;
			buildSettings = {
				ASSETCATALOG_COMPILER_APPICON_NAME = AppIcon;
				ASSETCATALOG_COMPILER_GLOBAL_ACCENT_COLOR_NAME = AccentColor;
				CODE_SIGN_STYLE = Automatic;
				CURRENT_PROJECT_VERSION = 1;
				DEVELOPMENT_ASSET_PATHS = "\"EggTimer/Preview Content\"";
				DEVELOPMENT_TEAM = HJ5KH98N5D;
				ENABLE_PREVIEWS = YES;
				GENERATE_INFOPLIST_FILE = YES;
				INFOPLIST_FILE = EggTimer/Info.plist;
				INFOPLIST_KEY_UIApplicationSceneManifest_Generation = YES;
				INFOPLIST_KEY_UIApplicationSupportsIndirectInputEvents = YES;
				INFOPLIST_KEY_UILaunchScreen_Generation = YES;
				INFOPLIST_KEY_UISupportedInterfaceOrientations_iPad = "UIInterfaceOrientationPortrait UIInterfaceOrientationPortraitUpsideDown UIInterfaceOrientationLandscapeLeft UIInterfaceOrientationLandscapeRight";
				INFOPLIST_KEY_UISupportedInterfaceOrientations_iPhone = "UIInterfaceOrientationPortrait UIInterfaceOrientationLandscapeLeft UIInterfaceOrientationLandscapeRight";
				IPHONEOS_DEPLOYMENT_TARGET = 17.0;
				LD_RUNPATH_SEARCH_PATHS = (
					"$(inherited)",
					"@executable_path/Frameworks",
				);
				MARKETING_VERSION = 1.0;
				PRODUCT_BUNDLE_IDENTIFIER = FishPeopleApps.EggTimer;
				PRODUCT_NAME = "$(TARGET_NAME)";
				SWIFT_EMIT_LOC_STRINGS = YES;
				SWIFT_VERSION = 5.0;
				TARGETED_DEVICE_FAMILY = "1,2";
			};
			name = Debug;
		};
		8140D0502A26B729008268FB /* Release */ = {
			isa = XCBuildConfiguration;
			buildSettings = {
				ASSETCATALOG_COMPILER_APPICON_NAME = AppIcon;
				ASSETCATALOG_COMPILER_GLOBAL_ACCENT_COLOR_NAME = AccentColor;
				CODE_SIGN_STYLE = Automatic;
				CURRENT_PROJECT_VERSION = 1;
				DEVELOPMENT_ASSET_PATHS = "\"EggTimer/Preview Content\"";
				DEVELOPMENT_TEAM = HJ5KH98N5D;
				ENABLE_PREVIEWS = YES;
				GENERATE_INFOPLIST_FILE = YES;
				INFOPLIST_FILE = EggTimer/Info.plist;
				INFOPLIST_KEY_UIApplicationSceneManifest_Generation = YES;
				INFOPLIST_KEY_UIApplicationSupportsIndirectInputEvents = YES;
				INFOPLIST_KEY_UILaunchScreen_Generation = YES;
				INFOPLIST_KEY_UISupportedInterfaceOrientations_iPad = "UIInterfaceOrientationPortrait UIInterfaceOrientationPortraitUpsideDown UIInterfaceOrientationLandscapeLeft UIInterfaceOrientationLandscapeRight";
				INFOPLIST_KEY_UISupportedInterfaceOrientations_iPhone = "UIInterfaceOrientationPortrait UIInterfaceOrientationLandscapeLeft UIInterfaceOrientationLandscapeRight";
				IPHONEOS_DEPLOYMENT_TARGET = 17.0;
				LD_RUNPATH_SEARCH_PATHS = (
					"$(inherited)",
					"@executable_path/Frameworks",
				);
				MARKETING_VERSION = 1.0;
				PRODUCT_BUNDLE_IDENTIFIER = FishPeopleApps.EggTimer;
				PRODUCT_NAME = "$(TARGET_NAME)";
				SWIFT_EMIT_LOC_STRINGS = YES;
				SWIFT_VERSION = 5.0;
				TARGETED_DEVICE_FAMILY = "1,2";
			};
			name = Release;
		};
/* End XCBuildConfiguration section */

/* Begin XCConfigurationList section */
		8140D03B2A26B728008268FB /* Build configuration list for PBXProject "EggTimer" */ = {
			isa = XCConfigurationList;
			buildConfigurations = (
				8140D04C2A26B729008268FB /* Debug */,
				8140D04D2A26B729008268FB /* Release */,
			);
			defaultConfigurationIsVisible = 0;
			defaultConfigurationName = Release;
		};
		8140D04E2A26B729008268FB /* Build configuration list for PBXNativeTarget "EggTimer" */ = {
			isa = XCConfigurationList;
			buildConfigurations = (
				8140D04F2A26B729008268FB /* Debug */,
				8140D0502A26B729008268FB /* Release */,
			);
			defaultConfigurationIsVisible = 0;
			defaultConfigurationName = Release;
		};
/* End XCConfigurationList section */
	};
	rootObject = 8140D0382A26B728008268FB /* Project object */;
}
